
Microsoft Visual Studio Solution File, Format Version 12.00
# Visual Studio Version 16
VisualStudioVersion = 16.0.32002.261
MinimumVisualStudioVersion = 10.0.40219.1
Project("{FAE04EC0-301F-11D3-BF4B-00C04F79EFBC}") = "Hansol_VisionBondingV2", "Hansol_VisionBondingV2.csproj", "{D2D129D8-FF49-4BD6-BC87-E546828FA500}"
EndProject
Project("{FAE04EC0-301F-11D3-BF4B-00C04F79EFBC}") = "Test", "..\Test\Test.csproj", "{79A58460-DE79-4B4A-B8C8-27FAE31BC5ED}"
EndProject
Project("{FAE04EC0-301F-11D3-BF4B-00C04F79EFBC}") = "Community", "..\Community\Community.csproj", "{E2219E41-D6E0-45B7-A136-845358BD3705}"
EndProject
Global
	GlobalSection(SolutionConfigurationPlatforms) = preSolution
		Debug|Any CPU = Debug|Any CPU
		Debug|x64 = Debug|x64
		Release|Any CPU = Release|Any CPU
		Release|x64 = Release|x64
	EndGlobalSection
	GlobalSection(ProjectConfigurationPlatforms) = postSolution
		{D2D129D8-FF49-4BD6-BC87-E546828FA500}.Debug|Any CPU.ActiveCfg = Debug|x64
		{D2D129D8-FF49-4BD6-BC87-E546828FA500}.Debug|Any CPU.Build.0 = Debug|x64
		{D2D129D8-FF49-4BD6-BC87-E546828FA500}.Debug|x64.ActiveCfg = Debug|x64
		{D2D129D8-FF49-4BD6-BC87-E546828FA500}.Debug|x64.Build.0 = Debug|x64
		{D2D129D8-FF49-4BD6-BC87-E546828FA500}.Release|Any CPU.ActiveCfg = Release|Any CPU
		{D2D129D8-FF49-4BD6-BC87-E546828FA500}.Release|Any CPU.Build.0 = Release|Any CPU
		{D2D129D8-FF49-4BD6-BC87-E546828FA500}.Release|x64.ActiveCfg = Release|x64
		{D2D129D8-FF49-4BD6-BC87-E546828FA500}.Release|x64.Build.0 = Release|x64
		{79A58460-DE79-4B4A-B8C8-27FAE31BC5ED}.Debug|Any CPU.ActiveCfg = Debug|Any CPU
		{79A58460-DE79-4B4A-B8C8-27FAE31BC5ED}.Debug|Any CPU.Build.0 = Debug|Any CPU
		{79A58460-DE79-4B4A-B8C8-27FAE31BC5ED}.Debug|x64.ActiveCfg = Debug|Any CPU
		{79A58460-DE79-4B4A-B8C8-27FAE31BC5ED}.Debug|x64.Build.0 = Debug|Any CPU
		{79A58460-DE79-4B4A-B8C8-27FAE31BC5ED}.Release|Any CPU.ActiveCfg = Release|Any CPU
		{79A58460-DE79-4B4A-B8C8-27FAE31BC5ED}.Release|Any CPU.Build.0 = Release|Any CPU
		{79A58460-DE79-4B4A-B8C8-27FAE31BC5ED}.Release|x64.ActiveCfg = Release|Any CPU
		{79A58460-DE79-4B4A-B8C8-27FAE31BC5ED}.Release|x64.Build.0 = Release|Any CPU
		{E2219E41-D6E0-45B7-A136-845358BD3705}.Debug|Any CPU.ActiveCfg = Debug|Any CPU
		{E2219E41-D6E0-45B7-A136-845358BD3705}.Debug|Any CPU.Build.0 = Debug|Any CPU
		{E2219E41-D6E0-45B7-A136-845358BD3705}.Debug|x64.ActiveCfg = Debug|Any CPU
		{E2219E41-D6E0-45B7-A136-845358BD3705}.Debug|x64.Build.0 = Debug|Any CPU
		{E2219E41-D6E0-45B7-A136-845358BD3705}.Release|Any CPU.ActiveCfg = Release|Any CPU
		{E2219E41-D6E0-45B7-A136-845358BD3705}.Release|Any CPU.Build.0 = Release|Any CPU
		{E2219E41-D6E0-45B7-A136-845358BD3705}.Release|x64.ActiveCfg = Release|Any CPU
		{E2219E41-D6E0-45B7-A136-845358BD3705}.Release|x64.Build.0 = Release|Any CPU
	EndGlobalSection
	GlobalSection(SolutionProperties) = preSolution
		HideSolutionNode = FALSE
	EndGlobalSection
	GlobalSection(ExtensibilityGlobals) = postSolution
		SolutionGuid = {648337CE-1FEA-4BE8-BD8A-70519BA8F2E1}
	EndGlobalSection
EndGlobal
